// !$*UTF8*$!
{
	archiveVersion = 1;
	classes = {
	};
	objectVersion = 46;
	objects = {

/* Begin PBXBuildFile section */
		FE2231AF1BD9CBAF0040C790 /* AppDelegate.swift in Sources */ = {isa = PBXBuildFile; fileRef = FE2231AE1BD9CBAF0040C790 /* AppDelegate.swift */; };
		FE2231B11BD9CBAF0040C790 /* ViewController.swift in Sources */ = {isa = PBXBuildFile; fileRef = FE2231B01BD9CBAF0040C790 /* ViewController.swift */; };
		FE2231B41BD9CBAF0040C790 /* Main.storyboard in Resources */ = {isa = PBXBuildFile; fileRef = FE2231B21BD9CBAF0040C790 /* Main.storyboard */; };
		FE2231B61BD9CBAF0040C790 /* Assets.xcassets in Resources */ = {isa = PBXBuildFile; fileRef = FE2231B51BD9CBAF0040C790 /* Assets.xcassets */; };
		FE2231B91BD9CBAF0040C790 /* LaunchScreen.storyboard in Resources */ = {isa = PBXBuildFile; fileRef = FE2231B71BD9CBAF0040C790 /* LaunchScreen.storyboard */; };
		FEE165011BDD35A700D7866D /* PlaySoundsViewController.swift in Sources */ = {isa = PBXBuildFile; fileRef = FEE165001BDD35A600D7866D /* PlaySoundsViewController.swift */; settings = {ASSET_TAGS = (); }; };
		FEE165031BDF037000D7866D /* movie_quote.mp3 in Resources */ = {isa = PBXBuildFile; fileRef = FEE165021BDF037000D7866D /* movie_quote.mp3 */; settings = {ASSET_TAGS = (); }; };
/* End PBXBuildFile section */

/* Begin PBXFileReference section */
		FE2231AB1BD9CBAF0040C790 /* Pitch Perfect.app */ = {isa = PBXFileReference; explicitFileType = wrapper.application; includeInIndex = 0; path = "Pitch Perfect.app"; sourceTree = BUILT_PRODUCTS_DIR; };
		FE2231AE1BD9CBAF0040C790 /* AppDelegate.swift */ = {isa = PBXFileReference; lastKnownFileType = sourcecode.swift; path = AppDelegate.swift; sourceTree = "<group>"; };
		FE2231B01BD9CBAF0040C790 /* ViewController.swift */ = {isa = PBXFileReference; lastKnownFileType = sourcecode.swift; path = ViewController.swift; sourceTree = "<group>"; };
		FE2231B31BD9CBAF0040C790 /* Base */ = {isa = PBXFileReference; lastKnownFileType = file.storyboard; name = Base; path = Base.lproj/Main.storyboard; sourceTree = "<group>"; };
		FE2231B51BD9CBAF0040C790 /* Assets.xcassets */ = {isa = PBXFileReference; lastKnownFileType = folder.assetcatalog; path = Assets.xcassets; sourceTree = "<group>"; };
		FE2231B81BD9CBAF0040C790 /* Base */ = {isa = PBXFileReference; lastKnownFileType = file.storyboard; name = Base; path = Base.lproj/LaunchScreen.storyboard; sourceTree = "<group>"; };
		FE2231BA1BD9CBAF0040C790 /* Info.plist */ = {isa = PBXFileReference; lastKnownFileType = text.plist.xml; path = Info.plist; sourceTree = "<group>"; };
		FEE165001BDD35A600D7866D /* PlaySoundsViewController.swift */ = {isa = PBXFileReference; fileEncoding = 4; lastKnownFileType = sourcecode.swift; path = PlaySoundsViewController.swift; sourceTree = "<group>"; };
		FEE165021BDF037000D7866D /* movie_quote.mp3 */ = {isa = PBXFileReference; lastKnownFileType = audio.mp3; path = movie_quote.mp3; sourceTree = "<group>"; };
/* End PBXFileReference section */

/* Begin PBXFrameworksBuildPhase section */
		FE2231A81BD9CBAF0040C790 /* Frameworks */ = {
			isa = PBXFrameworksBuildPhase;
			buildActionMask = 2147483647;
			files = (
			);
			runOnlyForDeploymentPostprocessing = 0;
		};
/* End PBXFrameworksBuildPhase section */

/* Begin PBXGroup section */
		FE2231A21BD9CBAF0040C790 = {
			isa = PBXGroup;
			children = (
				FE2231AD1BD9CBAF0040C790 /* Pitch Perfect */,
				FE2231AC1BD9CBAF0040C790 /* Products */,
			);
			sourceTree = "<group>";
		};
		FE2231AC1BD9CBAF0040C790 /* Products */ = {
			isa = PBXGroup;
			children = (
				FE2231AB1BD9CBAF0040C790 /* Pitch Perfect.app */,
			);
			name = Products;
			sourceTree = "<group>";
		};
		FE2231AD1BD9CBAF0040C790 /* Pitch Perfect */ = {
			isa = PBXGroup;
			children = (
				FE2231AE1BD9CBAF0040C790 /* AppDelegate.swift */,
				FE2231B01BD9CBAF0040C790 /* ViewController.swift */,
				FE2231B21BD9CBAF0040C790 /* Main.storyboard */,
				FEE165001BDD35A600D7866D /* PlaySoundsViewController.swift */,
				FEE165021BDF037000D7866D /* movie_quote.mp3 */,
				FE2231B51BD9CBAF0040C790 /* Assets.xcassets */,
				FE2231B71BD9CBAF0040C790 /* LaunchScreen.storyboard */,
				FE2231BA1BD9CBAF0040C790 /* Info.plist */,
			);
			path = "Pitch Perfect";
			sourceTree = "<group>";
		};
/* End PBXGroup section */

/* Begin PBXNativeTarget section */
		FE2231AA1BD9CBAF0040C790 /* Pitch Perfect */ = {
			isa = PBXNativeTarget;
			buildConfigurationList = FE2231BD1BD9CBAF0040C790 /* Build configuration list for PBXNativeTarget "Pitch Perfect" */;
			buildPhases = (
				FE2231A71BD9CBAF0040C790 /* Sources */,
				FE2231A81BD9CBAF0040C790 /* Frameworks */,
				FE2231A91BD9CBAF0040C790 /* Resources */,
			);
			buildRules = (
			);
			dependencies = (
			);
			name = "Pitch Perfect";
			productName = "Pitch Perfect";
			productReference = FE2231AB1BD9CBAF0040C790 /* Pitch Perfect.app */;
			productType = "com.apple.product-type.application";
		};
/* End PBXNativeTarget section */

/* Begin PBXProject section */
		FE2231A31BD9CBAF0040C790 /* Project object */ = {
			isa = PBXProject;
			attributes = {
				LastUpgradeCheck = 0700;
				ORGANIZATIONNAME = "Eric Kuhn";
				TargetAttributes = {
					FE2231AA1BD9CBAF0040C790 = {
						CreatedOnToolsVersion = 7.0.1;
					};
				};
			};
			buildConfigurationList = FE2231A61BD9CBAF0040C790 /* Build configuration list for PBXProject "Pitch Perfect" */;
			compatibilityVersion = "Xcode 3.2";
			developmentRegion = English;
			hasScannedForEncodings = 0;
			knownRegions = (
				en,
				Base,
			);
			mainGroup = FE2231A21BD9CBAF0040C790;
			productRefGroup = FE2231AC1BD9CBAF0040C790 /* Products */;
			projectDirPath = "";
			projectRoot = "";
			targets = (
				FE2231AA1BD9CBAF0040C790 /* Pitch Perfect */,
			);
		};
/* End PBXProject section */

/* Begin PBXResourcesBuildPhase section */
		FE2231A91BD9CBAF0040C790 /* Resources */ = {
			isa = PBXResourcesBuildPhase;
			buildActionMask = 2147483647;
			files = (
				FE2231B91BD9CBAF0040C790 /* LaunchScreen.storyboard in Resources */,
				FE2231B61BD9CBAF0040C790 /* Assets.xcassets in Resources */,
				FEE165031BDF037000D7866D /* movie_quote.mp3 in Resources */,
				FE2231B41BD9CBAF0040C790 /* Main.storyboard in Resources */,
			);
			runOnlyForDeploymentPostprocessing = 0;
		};
/* End PBXResourcesBuildPhase section */

/* Begin PBXSourcesBuildPhase section */
		FE2231A71BD9CBAF0040C790 /* Sources */ = {
			isa = PBXSourcesBuildPhase;
			buildActionMask = 2147483647;
			files = (
				FE2231B11BD9CBAF0040C790 /* ViewController.swift in Sources */,
				FEE165011BDD35A700D7866D /* PlaySoundsViewController.swift in Sources */,
				FE2231AF1BD9CBAF0040C790 /* AppDelegate.swift in Sources */,
			);
			runOnlyForDeploymentPostprocessing = 0;
		};
/* End PBXSourcesBuildPhase section */

/* Begin PBXVariantGroup section */
		FE2231B21BD9CBAF0040C790 /* Main.storyboard */ = {
			isa = PBXVariantGroup;
			children = (
				FE2231B31BD9CBAF0040C790 /* Base */,
			);
			name = Main.storyboard;
			sourceTree = "<group>";
		};
		FE2231B71BD9CBAF0040C790 /* LaunchScreen.storyboard */ = {
			isa = PBXVariantGroup;
			children = (
				FE2231B81BD9CBAF0040C790 /* Base */,
			);
			name = LaunchScreen.storyboard;
			sourceTree = "<group>";
		};
/* End PBXVariantGroup section */

/* Begin XCBuildConfiguration section */
		FE2231BB1BD9CBAF0040C790 /* Debug */ = {
			isa = XCBuildConfiguration;
			buildSettings = {
				ALWAYS_SEARCH_USER_PATHS = NO;
				CLANG_CXX_LANGUAGE_STANDARD = "gnu++0x";
				CLANG_CXX_LIBRARY = "libc++";
				CLANG_ENABLE_MODULES = YES;
				CLANG_ENABLE_OBJC_ARC = YES;
				CLANG_WARN_BOOL_CONVERSION = YES;
				CLANG_WARN_CONSTANT_CONVERSION = YES;
				CLANG_WARN_DIRECT_OBJC_ISA_USAGE = YES_ERROR;
				CLANG_WARN_EMPTY_BODY = YES;
				CLANG_WARN_ENUM_CONVERSION = YES;
				CLANG_WARN_INT_CONVERSION = YES;
				CLANG_WARN_OBJC_ROOT_CLASS = YES_ERROR;
				CLANG_WARN_UNREACHABLE_CODE = YES;
				CLANG_WARN__DUPLICATE_METHOD_MATCH = YES;
				"CODE_SIGN_IDENTITY[sdk=iphoneos*]" = "iPhone Developer";
				COPY_PHASE_STRIP = NO;
				DEBUG_INFORMATION_FORMAT = dwarf;
				ENABLE_STRICT_OBJC_MSGSEND = YES;
				ENABLE_TESTABILITY = YES;
				GCC_C_LANGUAGE_STANDARD = gnu99;
				GCC_DYNAMIC_NO_PIC = NO;
				GCC_NO_COMMON_BLOCKS = YES;
				GCC_OPTIMIZATION_LEVEL = 0;
				GCC_PREPROCESSOR_DEFINITIONS = (
					"DEBUG=1",
					"$(inherited)",
				);
				GCC_WARN_64_TO_32_BIT_CONVERSION = YES;
				GCC_WARN_ABOUT_RETURN_TYPE = YES_ERROR;
				GCC_WARN_UNDECLARED_SELECTOR = YES;
				GCC_WARN_UNINITIALIZED_AUTOS = YES_AGGRESSIVE;
				GCC_WARN_UNUSED_FUNCTION = YES;
				GCC_WARN_UNUSED_VARIABLE = YES;
				IPHONEOS_DEPLOYMENT_TARGET = 9.0;
				MTL_ENABLE_DEBUG_INFO = YES;
				ONLY_ACTIVE_ARCH = YES;
				SDKROOT = iphoneos;
				SWIFT_OPTIMIZATION_LEVEL = "-Onone";
			};
			name = Debug;
		};
		FE2231BC1BD9CBAF0040C790 /* Release */ = {
			isa = XCBuildConfiguration;
			buildSettings = {
				ALWAYS_SEARCH_USER_PATHS = NO;
				CLANG_CXX_LANGUAGE_STANDARD = "gnu++0x";
				CLANG_CXX_LIBRARY = "libc++";
				CLANG_ENABLE_MODULES = YES;
				CLANG_ENABLE_OBJC_ARC = YES;
				CLANG_WARN_BOOL_CONVERSION = YES;
				CLANG_WARN_CONSTANT_CONVERSION = YES;
				CLANG_WARN_DIRECT_OBJC_ISA_USAGE = YES_ERROR;
				CLANG_WARN_EMPTY_BODY = YES;
				CLANG_WARN_ENUM_CONVERSION = YES;
				CLANG_WARN_INT_CONVERSION = YES;
				CLANG_WARN_OBJC_ROOT_CLASS = YES_ERROR;
				CLANG_WARN_UNREACHABLE_CODE = YES;
				CLANG_WARN__DUPLICATE_METHOD_MATCH = YES;
				"CODE_SIGN_IDENTITY[sdk=iphoneos*]" = "iPhone Developer";
				COPY_PHASE_STRIP = NO;
				DEBUG_INFORMATION_FORMAT = "dwarf-with-dsym";
				ENABLE_NS_ASSERTIONS = NO;
				ENABLE_STRICT_OBJC_MSGSEND = YES;
				GCC_C_LANGUAGE_STANDARD = gnu99;
				GCC_NO_COMMON_BLOCKS = YES;
				GCC_WARN_64_TO_32_BIT_CONVERSION = YES;
				GCC_WARN_ABOUT_RETURN_TYPE = YES_ERROR;
				GCC_WARN_UNDECLARED_SELECTOR = YES;
				GCC_WARN_UNINITIALIZED_AUTOS = YES_AGGRESSIVE;
				GCC_WARN_UNUSED_FUNCTION = YES;
				GCC_WARN_UNUSED_VARIABLE = YES;
				IPHONEOS_DEPLOYMENT_TARGET = 9.0;
				MTL_ENABLE_DEBUG_INFO = NO;
				SDKROOT = iphoneos;
				VALIDATE_PRODUCT = YES;
			};
			name = Release;
		};
		FE2231BE1BD9CBAF0040C790 /* Debug */ = {
			isa = XCBuildConfiguration;
			buildSettings = {
				ASSETCATALOG_COMPILER_APPICON_NAME = AppIcon;
				INFOPLIST_FILE = "Pitch Perfect/Info.plist";
				LD_RUNPATH_SEARCH_PATHS = "$(inherited) @executable_path/Frameworks";
				PRODUCT_BUNDLE_IDENTIFIER = "com.erickuhn19.Pitch-Perfect";
				PRODUCT_NAME = "$(TARGET_NAME)";
			};
			name = Debug;
		};
		FE2231BF1BD9CBAF0040C790 /* Release */ = {
			isa = XCBuildConfiguration;
			buildSettings = {
				ASSETCATALOG_COMPILER_APPICON_NAME = AppIcon;
				INFOPLIST_FILE = "Pitch Perfect/Info.plist";
				LD_RUNPATH_SEARCH_PATHS = "$(inherited) @executable_path/Frameworks";
				PRODUCT_BUNDLE_IDENTIFIER = "com.erickuhn19.Pitch-Perfect";
				PRODUCT_NAME = "$(TARGET_NAME)";
			};
			name = Release;
		};
/* End XCBuildConfiguration section */

/* Begin XCConfigurationList section */
		FE2231A61BD9CBAF0040C790 /* Build configuration list for PBXProject "Pitch Perfect" */ = {
			isa = XCConfigurationList;
			buildConfigurations = (
				FE2231BB1BD9CBAF0040C790 /* Debug */,
				FE2231BC1BD9CBAF0040C790 /* Release */,
			);
			defaultConfigurationIsVisible = 0;
			defaultConfigurationName = Release;
		};
		FE2231BD1BD9CBAF0040C790 /* Build configuration list for PBXNativeTarget "Pitch Perfect" */ = {
			isa = XCConfigurationList;
			buildConfigurations = (
				FE2231BE1BD9CBAF0040C790 /* Debug */,
				FE2231BF1BD9CBAF0040C790 /* Release */,
			);
			defaultConfigurationIsVisible = 0;
			defaultConfigurationName = Release;
		};
/* End XCConfigurationList section */
	};
	rootObject = FE2231A31BD9CBAF0040C790 /* Project object */;
}
